# This file is generated by running "yarn install" inside your project.
# Manual changes might be lost - proceed with caution!

__metadata:
  version: 8
  cacheKey: 10c0

"@fortawesome/fontawesome-free@npm:^6.7.2":
  version: 6.7.2
  resolution: "@fortawesome/fontawesome-free@npm:6.7.2"
  checksum: 10c0/e27fb8b846f0bcf40c904acc210829a640329fc7b7ec4e42a7c43cb53739ed6052d78df90810f555a5c80bc608fee5a5174db3fa6da617f582d6210009a19278
  languageName: node
  linkType: hard

"@popperjs/core@npm:^2.11.8":
  version: 2.11.8
  resolution: "@popperjs/core@npm:2.11.8"
  checksum: 10c0/4681e682abc006d25eb380d0cf3efc7557043f53b6aea7a5057d0d1e7df849a00e281cd8ea79c902a35a414d7919621fc2ba293ecec05f413598e0b23d5a1e63
  languageName: node
  linkType: hard

"bootstrap@npm:^5.3.3":
  version: 5.3.8
  resolution: "bootstrap@npm:5.3.8"
  peerDependencies:
    "@popperjs/core": ^2.11.8
  checksum: 10c0/0039a9df2c3e7bfa04f1abca199c299ff3b75869d578c0cb1721c6f1f203c91531788a5631ecbee01513481979314d0e4ba0d90c2011e6ce18fc2e0bc93e18d9
  languageName: node
  linkType: hard

"cookieconsent@npm:^3.1.1":
  version: 3.1.1
  resolution: "cookieconsent@npm:3.1.1"
  checksum: 10c0/ada43b26e7368702130fe98b278ea05550a426b954784ae92467de9ee618ae1029c02441f7e2204cd05b4d441bc1a5126791539bc7d55c3b43fb8b4840f0884c
  languageName: node
  linkType: hard

"electrodynamics.yktoo.com@workspace:.":
  version: 0.0.0-use.local
  resolution: "electrodynamics.yktoo.com@workspace:."
  dependencies:
    "@fortawesome/fontawesome-free": "npm:^6.7.2"
    "@popperjs/core": "npm:^2.11.8"
    bootstrap: "npm:^5.3.3"
    cookieconsent: "npm:^3.1.1"
    jquery: "npm:^3.7.1"
  languageName: unknown
  linkType: soft

"jquery@npm:^3.7.1":
  version: 3.7.1
  resolution: "jquery@npm:3.7.1"
  checksum: 10c0/808cfbfb758438560224bf26e17fcd5afc7419170230c810dd11f5c1792e2263e2970cca8d659eb84fcd9acc301edb6d310096e450277d54be4f57071b0c82d9
  languageName: node
  linkType: hard
